// !$*UTF8*$!
{
	archiveVersion = 1;
	classes = {
	};
	objectVersion = 50;
	objects = {

/* Begin PBXBuildFile section */
		30113EBC23084C2500446A8C /* AppDelegate.swift in Sources */ = {isa = PBXBuildFile; fileRef = 30113EBB23084C2500446A8C /* AppDelegate.swift */; };
		30113EBE23084C2500446A8C /* DemoViewController.swift in Sources */ = {isa = PBXBuildFile; fileRef = 30113EBD23084C2500446A8C /* DemoViewController.swift */; };
		30113EC323084C2600446A8C /* Assets.xcassets in Resources */ = {isa = PBXBuildFile; fileRef = 30113EC223084C2600446A8C /* Assets.xcassets */; };
		30113EC623084C2600446A8C /* LaunchScreen.storyboard in Resources */ = {isa = PBXBuildFile; fileRef = 30113EC423084C2600446A8C /* LaunchScreen.storyboard */; };
		30113EDB2308582000446A8C /* Utils.swift in Sources */ = {isa = PBXBuildFile; fileRef = 30113EDA2308582000446A8C /* Utils.swift */; };
		30113EDE2308659000446A8C /* Default-568h@2x.png in Resources */ = {isa = PBXBuildFile; fileRef = 30113EDD2308659000446A8C /* Default-568h@2x.png */; };
		301486C523089EBC00988B2F /* IAPService.swift in Sources */ = {isa = PBXBuildFile; fileRef = 301486C423089EBC00988B2F /* IAPService.swift */; };
		301486CA23089F1F00988B2F /* DemoModule.swift in Sources */ = {isa = PBXBuildFile; fileRef = 301486C923089F1F00988B2F /* DemoModule.swift */; };
		301486CC2309BFCB00988B2F /* RewardedVideoController.swift in Sources */ = {isa = PBXBuildFile; fileRef = 301486CB2309BFCB00988B2F /* RewardedVideoController.swift */; };
		301486CF2309DB9F00988B2F /* StoreKit.framework in Frameworks */ = {isa = PBXBuildFile; fileRef = 301486CE2309DB9F00988B2F /* StoreKit.framework */; };
		301486D22309F6BE00988B2F /* TextAttributes.swift in Sources */ = {isa = PBXBuildFile; fileRef = 301486D12309F6BE00988B2F /* TextAttributes.swift */; };
		302D808A230C89290036D302 /* UIView+Confetti.swift in Sources */ = {isa = PBXBuildFile; fileRef = 302D8089230C89290036D302 /* UIView+Confetti.swift */; };
		304CF4F3230C680E0070493A /* LoadingViewController.swift in Sources */ = {isa = PBXBuildFile; fileRef = 304CF4F2230C680E0070493A /* LoadingViewController.swift */; };
		304CF4F5230C6BCA0070493A /* IAPServiceProtocol.swift in Sources */ = {isa = PBXBuildFile; fileRef = 304CF4F4230C6BCA0070493A /* IAPServiceProtocol.swift */; };
		DA0E98B77640CF6D94B2A6B1 /* Pods_DemoScreen.framework in Frameworks */ = {isa = PBXBuildFile; fileRef = B4C6C425511C3D998499FC2D /* Pods_DemoScreen.framework */; };
/* End PBXBuildFile section */

/* Begin PBXFileReference section */
		1E236EDD633F9ACBA78F488F /* Pods-DemoScreen.debug.xcconfig */ = {isa = PBXFileReference; includeInIndex = 1; lastKnownFileType = text.xcconfig; name = "Pods-DemoScreen.debug.xcconfig"; path = "Pods/Target Support Files/Pods-DemoScreen/Pods-DemoScreen.debug.xcconfig"; sourceTree = "<group>"; };
		30113EB823084C2500446A8C /* DemoScreen.app */ = {isa = PBXFileReference; explicitFileType = wrapper.application; includeInIndex = 0; path = DemoScreen.app; sourceTree = BUILT_PRODUCTS_DIR; };
		30113EBB23084C2500446A8C /* AppDelegate.swift */ = {isa = PBXFileReference; lastKnownFileType = sourcecode.swift; path = AppDelegate.swift; sourceTree = "<group>"; };
		30113EBD23084C2500446A8C /* DemoViewController.swift */ = {isa = PBXFileReference; lastKnownFileType = sourcecode.swift; path = DemoViewController.swift; sourceTree = "<group>"; };
		30113EC223084C2600446A8C /* Assets.xcassets */ = {isa = PBXFileReference; lastKnownFileType = folder.assetcatalog; path = Assets.xcassets; sourceTree = "<group>"; };
		30113EC523084C2600446A8C /* Base */ = {isa = PBXFileReference; lastKnownFileType = file.storyboard; name = Base; path = Base.lproj/LaunchScreen.storyboard; sourceTree = "<group>"; };
		30113EC723084C2600446A8C /* Info.plist */ = {isa = PBXFileReference; lastKnownFileType = text.plist.xml; path = Info.plist; sourceTree = "<group>"; };
		30113EDA2308582000446A8C /* Utils.swift */ = {isa = PBXFileReference; lastKnownFileType = sourcecode.swift; path = Utils.swift; sourceTree = "<group>"; };
		30113EDD2308659000446A8C /* Default-568h@2x.png */ = {isa = PBXFileReference; lastKnownFileType = image.png; path = "Default-568h@2x.png"; sourceTree = "<group>"; };
		301486C423089EBC00988B2F /* IAPService.swift */ = {isa = PBXFileReference; lastKnownFileType = sourcecode.swift; path = IAPService.swift; sourceTree = "<group>"; };
		301486C923089F1F00988B2F /* DemoModule.swift */ = {isa = PBXFileReference; lastKnownFileType = sourcecode.swift; path = DemoModule.swift; sourceTree = "<group>"; };
		301486CB2309BFCB00988B2F /* RewardedVideoController.swift */ = {isa = PBXFileReference; lastKnownFileType = sourcecode.swift; path = RewardedVideoController.swift; sourceTree = "<group>"; };
		301486CE2309DB9F00988B2F /* StoreKit.framework */ = {isa = PBXFileReference; lastKnownFileType = wrapper.framework; name = StoreKit.framework; path = System/Library/Frameworks/StoreKit.framework; sourceTree = SDKROOT; };
		301486D12309F6BE00988B2F /* TextAttributes.swift */ = {isa = PBXFileReference; lastKnownFileType = sourcecode.swift; path = TextAttributes.swift; sourceTree = "<group>"; };
		302D8089230C89290036D302 /* UIView+Confetti.swift */ = {isa = PBXFileReference; lastKnownFileType = sourcecode.swift; path = "UIView+Confetti.swift"; sourceTree = "<group>"; };
		304CF4F2230C680E0070493A /* LoadingViewController.swift */ = {isa = PBXFileReference; lastKnownFileType = sourcecode.swift; path = LoadingViewController.swift; sourceTree = "<group>"; };
		304CF4F4230C6BCA0070493A /* IAPServiceProtocol.swift */ = {isa = PBXFileReference; lastKnownFileType = sourcecode.swift; path = IAPServiceProtocol.swift; sourceTree = "<group>"; };
		7A79079C191B2C4F76937AA0 /* Pods-DemoScreen.release.xcconfig */ = {isa = PBXFileReference; includeInIndex = 1; lastKnownFileType = text.xcconfig; name = "Pods-DemoScreen.release.xcconfig"; path = "Pods/Target Support Files/Pods-DemoScreen/Pods-DemoScreen.release.xcconfig"; sourceTree = "<group>"; };
		B4C6C425511C3D998499FC2D /* Pods_DemoScreen.framework */ = {isa = PBXFileReference; explicitFileType = wrapper.framework; includeInIndex = 0; path = Pods_DemoScreen.framework; sourceTree = BUILT_PRODUCTS_DIR; };
/* End PBXFileReference section */

/* Begin PBXFrameworksBuildPhase section */
		30113EB523084C2500446A8C /* Frameworks */ = {
			isa = PBXFrameworksBuildPhase;
			buildActionMask = 2147483647;
			files = (
				301486CF2309DB9F00988B2F /* StoreKit.framework in Frameworks */,
				DA0E98B77640CF6D94B2A6B1 /* Pods_DemoScreen.framework in Frameworks */,
			);
			runOnlyForDeploymentPostprocessing = 0;
		};
/* End PBXFrameworksBuildPhase section */

/* Begin PBXGroup section */
		0248E6A20FAD5B2815F19964 /* Frameworks */ = {
			isa = PBXGroup;
			children = (
				301486CE2309DB9F00988B2F /* StoreKit.framework */,
				B4C6C425511C3D998499FC2D /* Pods_DemoScreen.framework */,
			);
			name = Frameworks;
			sourceTree = "<group>";
		};
		30113EAF23084C2500446A8C = {
			isa = PBXGroup;
			children = (
				30113EBA23084C2500446A8C /* DemoScreen */,
				30113EB923084C2500446A8C /* Products */,
				0248E6A20FAD5B2815F19964 /* Frameworks */,
				7B52A1869960C948DEABF79D /* Pods */,
			);
			sourceTree = "<group>";
		};
		30113EB923084C2500446A8C /* Products */ = {
			isa = PBXGroup;
			children = (
				30113EB823084C2500446A8C /* DemoScreen.app */,
			);
			name = Products;
			sourceTree = "<group>";
		};
		30113EBA23084C2500446A8C /* DemoScreen */ = {
			isa = PBXGroup;
			children = (
				30113EBB23084C2500446A8C /* AppDelegate.swift */,
				304CF4F1230C63930070493A /* Controllers */,
				304CF4F0230C63880070493A /* Services */,
				301486BF23089E7B00988B2F /* Modules */,
				30113ED92308570700446A8C /* Utils */,
				30113ECD23084C4600446A8C /* Resources */,
			);
			path = DemoScreen;
			sourceTree = "<group>";
		};
		30113ECD23084C4600446A8C /* Resources */ = {
			isa = PBXGroup;
			children = (
				30113EC723084C2600446A8C /* Info.plist */,
				30113EDD2308659000446A8C /* Default-568h@2x.png */,
				30113EC423084C2600446A8C /* LaunchScreen.storyboard */,
				30113EC223084C2600446A8C /* Assets.xcassets */,
			);
			path = Resources;
			sourceTree = "<group>";
		};
		30113ED92308570700446A8C /* Utils */ = {
			isa = PBXGroup;
			children = (
				30113EDA2308582000446A8C /* Utils.swift */,
				301486D12309F6BE00988B2F /* TextAttributes.swift */,
				302D8089230C89290036D302 /* UIView+Confetti.swift */,
			);
			path = Utils;
			sourceTree = "<group>";
		};
		301486BF23089E7B00988B2F /* Modules */ = {
			isa = PBXGroup;
			children = (
				301486C923089F1F00988B2F /* DemoModule.swift */,
			);
			path = Modules;
			sourceTree = "<group>";
		};
		304CF4F0230C63880070493A /* Services */ = {
			isa = PBXGroup;
			children = (
				301486C423089EBC00988B2F /* IAPService.swift */,
				304CF4F4230C6BCA0070493A /* IAPServiceProtocol.swift */,
			);
			path = Services;
			sourceTree = "<group>";
		};
		304CF4F1230C63930070493A /* Controllers */ = {
			isa = PBXGroup;
			children = (
				30113EBD23084C2500446A8C /* DemoViewController.swift */,
				301486CB2309BFCB00988B2F /* RewardedVideoController.swift */,
				304CF4F2230C680E0070493A /* LoadingViewController.swift */,
			);
			path = Controllers;
			sourceTree = "<group>";
		};
		7B52A1869960C948DEABF79D /* Pods */ = {
			isa = PBXGroup;
			children = (
				1E236EDD633F9ACBA78F488F /* Pods-DemoScreen.debug.xcconfig */,
				7A79079C191B2C4F76937AA0 /* Pods-DemoScreen.release.xcconfig */,
			);
			name = Pods;
			sourceTree = "<group>";
		};
/* End PBXGroup section */

/* Begin PBXNativeTarget section */
		30113EB723084C2500446A8C /* DemoScreen */ = {
			isa = PBXNativeTarget;
			buildConfigurationList = 30113ECA23084C2600446A8C /* Build configuration list for PBXNativeTarget "DemoScreen" */;
			buildPhases = (
				AC0B24EEFB71B80AE9364DFF /* [CP] Check Pods Manifest.lock */,
				30113EB423084C2500446A8C /* Sources */,
				30113EB523084C2500446A8C /* Frameworks */,
				30113EB623084C2500446A8C /* Resources */,
				6AB7EE96F99145C6CA5F4642 /* [CP] Copy Pods Resources */,
			);
			buildRules = (
			);
			dependencies = (
			);
			name = DemoScreen;
			productName = DemoScreen;
			productReference = 30113EB823084C2500446A8C /* DemoScreen.app */;
			productType = "com.apple.product-type.application";
		};
/* End PBXNativeTarget section */

/* Begin PBXProject section */
		30113EB023084C2500446A8C /* Project object */ = {
			isa = PBXProject;
			attributes = {
				LastSwiftUpdateCheck = 1010;
				LastUpgradeCheck = 1010;
				ORGANIZATIONNAME = "Alexander Kosyakov";
				TargetAttributes = {
					30113EB723084C2500446A8C = {
						CreatedOnToolsVersion = 10.1;
						SystemCapabilities = {
							com.apple.InAppPurchase = {
								enabled = 1;
							};
						};
					};
				};
			};
			buildConfigurationList = 30113EB323084C2500446A8C /* Build configuration list for PBXProject "DemoScreen" */;
			compatibilityVersion = "Xcode 9.3";
			developmentRegion = en;
			hasScannedForEncodings = 0;
			knownRegions = (
				en,
				Base,
			);
			mainGroup = 30113EAF23084C2500446A8C;
			productRefGroup = 30113EB923084C2500446A8C /* Products */;
			projectDirPath = "";
			projectRoot = "";
			targets = (
				30113EB723084C2500446A8C /* DemoScreen */,
			);
		};
/* End PBXProject section */

/* Begin PBXResourcesBuildPhase section */
		30113EB623084C2500446A8C /* Resources */ = {
			isa = PBXResourcesBuildPhase;
			buildActionMask = 2147483647;
			files = (
				30113EC623084C2600446A8C /* LaunchScreen.storyboard in Resources */,
				30113EDE2308659000446A8C /* Default-568h@2x.png in Resources */,
				30113EC323084C2600446A8C /* Assets.xcassets in Resources */,
			);
			runOnlyForDeploymentPostprocessing = 0;
		};
/* End PBXResourcesBuildPhase section */

/* Begin PBXShellScriptBuildPhase section */
		6AB7EE96F99145C6CA5F4642 /* [CP] Copy Pods Resources */ = {
			isa = PBXShellScriptBuildPhase;
			buildActionMask = 2147483647;
			files = (
			);
			inputFileListPaths = (
			);
			inputPaths = (
				"${SRCROOT}/Pods/Target Support Files/Pods-DemoScreen/Pods-DemoScreen-resources.sh",
				"${PODS_ROOT}/Appodeal/APDStartAppAdapter.embeddedframework/Resources/StartApp.bundle",
				"${PODS_ROOT}/Appodeal/APDTapjoyAdapter.embeddedframework/Resources/TapjoyResources.bundle",
				"${PODS_ROOT}/Appodeal/APDTwitterMoPubAdapter.embeddedframework/Resources/MPAdBrowserController.xib",
				"${PODS_ROOT}/Appodeal/APDTwitterMoPubAdapter.embeddedframework/Resources/MPCloseBtn.png",
				"${PODS_ROOT}/Appodeal/APDTwitterMoPubAdapter.embeddedframework/Resources/MPCloseBtn@2x.png",
				"${PODS_ROOT}/Appodeal/APDTwitterMoPubAdapter.embeddedframework/Resources/MPCloseBtn@3x.png",
				"${PODS_ROOT}/Appodeal/APDTwitterMoPubAdapter.embeddedframework/Resources/MPCloseButtonX.png",
				"${PODS_ROOT}/Appodeal/APDTwitterMoPubAdapter.embeddedframework/Resources/MPCloseButtonX@2x.png",
				"${PODS_ROOT}/Appodeal/APDTwitterMoPubAdapter.embeddedframework/Resources/MPCloseButtonX@3x.png",
				"${PODS_ROOT}/Appodeal/APDTwitterMoPubAdapter.embeddedframework/Resources/MPDAAIcon.png",
				"${PODS_ROOT}/Appodeal/APDTwitterMoPubAdapter.embeddedframework/Resources/MPDAAIcon@2x.png",
				"${PODS_ROOT}/Appodeal/APDTwitterMoPubAdapter.embeddedframework/Resources/MPDAAIcon@3x.png",
				"${PODS_ROOT}/Appodeal/APDTwitterMoPubAdapter.embeddedframework/Resources/MPMutedBtn.png",
				"${PODS_ROOT}/Appodeal/APDTwitterMoPubAdapter.embeddedframework/Resources/MPMutedBtn@2x.png",
				"${PODS_ROOT}/Appodeal/APDTwitterMoPubAdapter.embeddedframework/Resources/MPMutedBtn@3x.png",
				"${PODS_ROOT}/Appodeal/APDTwitterMoPubAdapter.embeddedframework/Resources/MPPlayBtn.png",
				"${PODS_ROOT}/Appodeal/APDTwitterMoPubAdapter.embeddedframework/Resources/MPPlayBtn@2x.png",
				"${PODS_ROOT}/Appodeal/APDTwitterMoPubAdapter.embeddedframework/Resources/MPPlayBtn@3x.png",
				"${PODS_ROOT}/Appodeal/APDTwitterMoPubAdapter.embeddedframework/Resources/MPUnmutedBtn.png",
				"${PODS_ROOT}/Appodeal/APDTwitterMoPubAdapter.embeddedframework/Resources/MPUnmutedBtn@2x.png",
				"${PODS_ROOT}/Appodeal/APDTwitterMoPubAdapter.embeddedframework/Resources/MPUnmutedBtn@3x.png",
				"${PODS_ROOT}/Appodeal/APDTwitterMoPubAdapter.embeddedframework/Resources/MRAID.bundle",
			);
			name = "[CP] Copy Pods Resources";
			outputFileListPaths = (
			);
			outputPaths = (
				"${TARGET_BUILD_DIR}/${UNLOCALIZED_RESOURCES_FOLDER_PATH}/StartApp.bundle",
				"${TARGET_BUILD_DIR}/${UNLOCALIZED_RESOURCES_FOLDER_PATH}/TapjoyResources.bundle",
				"${TARGET_BUILD_DIR}/${UNLOCALIZED_RESOURCES_FOLDER_PATH}/MPAdBrowserController.nib",
				"${TARGET_BUILD_DIR}/${UNLOCALIZED_RESOURCES_FOLDER_PATH}/MPCloseBtn.png",
				"${TARGET_BUILD_DIR}/${UNLOCALIZED_RESOURCES_FOLDER_PATH}/MPCloseBtn@2x.png",
				"${TARGET_BUILD_DIR}/${UNLOCALIZED_RESOURCES_FOLDER_PATH}/MPCloseBtn@3x.png",
				"${TARGET_BUILD_DIR}/${UNLOCALIZED_RESOURCES_FOLDER_PATH}/MPCloseButtonX.png",
				"${TARGET_BUILD_DIR}/${UNLOCALIZED_RESOURCES_FOLDER_PATH}/MPCloseButtonX@2x.png",
				"${TARGET_BUILD_DIR}/${UNLOCALIZED_RESOURCES_FOLDER_PATH}/MPCloseButtonX@3x.png",
				"${TARGET_BUILD_DIR}/${UNLOCALIZED_RESOURCES_FOLDER_PATH}/MPDAAIcon.png",
				"${TARGET_BUILD_DIR}/${UNLOCALIZED_RESOURCES_FOLDER_PATH}/MPDAAIcon@2x.png",
				"${TARGET_BUILD_DIR}/${UNLOCALIZED_RESOURCES_FOLDER_PATH}/MPDAAIcon@3x.png",
				"${TARGET_BUILD_DIR}/${UNLOCALIZED_RESOURCES_FOLDER_PATH}/MPMutedBtn.png",
				"${TARGET_BUILD_DIR}/${UNLOCALIZED_RESOURCES_FOLDER_PATH}/MPMutedBtn@2x.png",
				"${TARGET_BUILD_DIR}/${UNLOCALIZED_RESOURCES_FOLDER_PATH}/MPMutedBtn@3x.png",
				"${TARGET_BUILD_DIR}/${UNLOCALIZED_RESOURCES_FOLDER_PATH}/MPPlayBtn.png",
				"${TARGET_BUILD_DIR}/${UNLOCALIZED_RESOURCES_FOLDER_PATH}/MPPlayBtn@2x.png",
				"${TARGET_BUILD_DIR}/${UNLOCALIZED_RESOURCES_FOLDER_PATH}/MPPlayBtn@3x.png",
				"${TARGET_BUILD_DIR}/${UNLOCALIZED_RESOURCES_FOLDER_PATH}/MPUnmutedBtn.png",
				"${TARGET_BUILD_DIR}/${UNLOCALIZED_RESOURCES_FOLDER_PATH}/MPUnmutedBtn@2x.png",
				"${TARGET_BUILD_DIR}/${UNLOCALIZED_RESOURCES_FOLDER_PATH}/MPUnmutedBtn@3x.png",
				"${TARGET_BUILD_DIR}/${UNLOCALIZED_RESOURCES_FOLDER_PATH}/MRAID.bundle",
			);
			runOnlyForDeploymentPostprocessing = 0;
			shellPath = /bin/sh;
			shellScript = "\"${SRCROOT}/Pods/Target Support Files/Pods-DemoScreen/Pods-DemoScreen-resources.sh\"\n";
			showEnvVarsInLog = 0;
		};
		AC0B24EEFB71B80AE9364DFF /* [CP] Check Pods Manifest.lock */ = {
			isa = PBXShellScriptBuildPhase;
			buildActionMask = 2147483647;
			files = (
			);
			inputFileListPaths = (
			);
			inputPaths = (
				"${PODS_PODFILE_DIR_PATH}/Podfile.lock",
				"${PODS_ROOT}/Manifest.lock",
			);
			name = "[CP] Check Pods Manifest.lock";
			outputFileListPaths = (
			);
			outputPaths = (
				"$(DERIVED_FILE_DIR)/Pods-DemoScreen-checkManifestLockResult.txt",
			);
			runOnlyForDeploymentPostprocessing = 0;
			shellPath = /bin/sh;
			shellScript = "diff \"${PODS_PODFILE_DIR_PATH}/Podfile.lock\" \"${PODS_ROOT}/Manifest.lock\" > /dev/null\nif [ $? != 0 ] ; then\n    # print error to STDERR\n    echo \"error: The sandbox is not in sync with the Podfile.lock. Run 'pod install' or update your CocoaPods installation.\" >&2\n    exit 1\nfi\n# This output is used by Xcode 'outputs' to avoid re-running this script phase.\necho \"SUCCESS\" > \"${SCRIPT_OUTPUT_FILE_0}\"\n";
			showEnvVarsInLog = 0;
		};
/* End PBXShellScriptBuildPhase section */

/* Begin PBXSourcesBuildPhase section */
		30113EB423084C2500446A8C /* Sources */ = {
			isa = PBXSourcesBuildPhase;
			buildActionMask = 2147483647;
			files = (
				302D808A230C89290036D302 /* UIView+Confetti.swift in Sources */,
				301486CA23089F1F00988B2F /* DemoModule.swift in Sources */,
				30113EDB2308582000446A8C /* Utils.swift in Sources */,
				301486C523089EBC00988B2F /* IAPService.swift in Sources */,
				30113EBE23084C2500446A8C /* DemoViewController.swift in Sources */,
				304CF4F5230C6BCA0070493A /* IAPServiceProtocol.swift in Sources */,
				304CF4F3230C680E0070493A /* LoadingViewController.swift in Sources */,
				301486D22309F6BE00988B2F /* TextAttributes.swift in Sources */,
				30113EBC23084C2500446A8C /* AppDelegate.swift in Sources */,
				301486CC2309BFCB00988B2F /* RewardedVideoController.swift in Sources */,
			);
			runOnlyForDeploymentPostprocessing = 0;
		};
/* End PBXSourcesBuildPhase section */

/* Begin PBXVariantGroup section */
		30113EC423084C2600446A8C /* LaunchScreen.storyboard */ = {
			isa = PBXVariantGroup;
			children = (
				30113EC523084C2600446A8C /* Base */,
			);
			name = LaunchScreen.storyboard;
			sourceTree = "<group>";
		};
/* End PBXVariantGroup section */

/* Begin XCBuildConfiguration section */
		30113EC823084C2600446A8C /* Debug */ = {
			isa = XCBuildConfiguration;
			buildSettings = {
				ALWAYS_SEARCH_USER_PATHS = NO;
				CLANG_ANALYZER_NONNULL = YES;
				CLANG_ANALYZER_NUMBER_OBJECT_CONVERSION = YES_AGGRESSIVE;
				CLANG_CXX_LANGUAGE_STANDARD = "gnu++14";
				CLANG_CXX_LIBRARY = "libc++";
				CLANG_ENABLE_MODULES = YES;
				CLANG_ENABLE_OBJC_ARC = YES;
				CLANG_ENABLE_OBJC_WEAK = YES;
				CLANG_WARN_BLOCK_CAPTURE_AUTORELEASING = YES;
				CLANG_WARN_BOOL_CONVERSION = YES;
				CLANG_WARN_COMMA = YES;
				CLANG_WARN_CONSTANT_CONVERSION = YES;
				CLANG_WARN_DEPRECATED_OBJC_IMPLEMENTATIONS = YES;
				CLANG_WARN_DIRECT_OBJC_ISA_USAGE = YES_ERROR;
				CLANG_WARN_DOCUMENTATION_COMMENTS = YES;
				CLANG_WARN_EMPTY_BODY = YES;
				CLANG_WARN_ENUM_CONVERSION = YES;
				CLANG_WARN_INFINITE_RECURSION = YES;
				CLANG_WARN_INT_CONVERSION = YES;
				CLANG_WARN_NON_LITERAL_NULL_CONVERSION = YES;
				CLANG_WARN_OBJC_IMPLICIT_RETAIN_SELF = YES;
				CLANG_WARN_OBJC_LITERAL_CONVERSION = YES;
				CLANG_WARN_OBJC_ROOT_CLASS = YES_ERROR;
				CLANG_WARN_RANGE_LOOP_ANALYSIS = YES;
				CLANG_WARN_STRICT_PROTOTYPES = YES;
				CLANG_WARN_SUSPICIOUS_MOVE = YES;
				CLANG_WARN_UNGUARDED_AVAILABILITY = YES_AGGRESSIVE;
				CLANG_WARN_UNREACHABLE_CODE = YES;
				CLANG_WARN__DUPLICATE_METHOD_MATCH = YES;
				CODE_SIGN_IDENTITY = "iPhone Developer";
				COPY_PHASE_STRIP = NO;
				DEBUG_INFORMATION_FORMAT = dwarf;
				ENABLE_STRICT_OBJC_MSGSEND = YES;
				ENABLE_TESTABILITY = YES;
				GCC_C_LANGUAGE_STANDARD = gnu11;
				GCC_DYNAMIC_NO_PIC = NO;
				GCC_NO_COMMON_BLOCKS = YES;
				GCC_OPTIMIZATION_LEVEL = 0;
				GCC_PREPROCESSOR_DEFINITIONS = (
					"DEBUG=1",
					"$(inherited)",
				);
				GCC_WARN_64_TO_32_BIT_CONVERSION = YES;
				GCC_WARN_ABOUT_RETURN_TYPE = YES_ERROR;
				GCC_WARN_UNDECLARED_SELECTOR = YES;
				GCC_WARN_UNINITIALIZED_AUTOS = YES_AGGRESSIVE;
				GCC_WARN_UNUSED_FUNCTION = YES;
				GCC_WARN_UNUSED_VARIABLE = YES;
				IPHONEOS_DEPLOYMENT_TARGET = 12.1;
				MTL_ENABLE_DEBUG_INFO = INCLUDE_SOURCE;
				MTL_FAST_MATH = YES;
				ONLY_ACTIVE_ARCH = YES;
				SDKROOT = iphoneos;
				SWIFT_ACTIVE_COMPILATION_CONDITIONS = DEBUG;
				SWIFT_OPTIMIZATION_LEVEL = "-Onone";
			};
			name = Debug;
		};
		30113EC923084C2600446A8C /* Release */ = {
			isa = XCBuildConfiguration;
			buildSettings = {
				ALWAYS_SEARCH_USER_PATHS = NO;
				CLANG_ANALYZER_NONNULL = YES;
				CLANG_ANALYZER_NUMBER_OBJECT_CONVERSION = YES_AGGRESSIVE;
				CLANG_CXX_LANGUAGE_STANDARD = "gnu++14";
				CLANG_CXX_LIBRARY = "libc++";
				CLANG_ENABLE_MODULES = YES;
				CLANG_ENABLE_OBJC_ARC = YES;
				CLANG_ENABLE_OBJC_WEAK = YES;
				CLANG_WARN_BLOCK_CAPTURE_AUTORELEASING = YES;
				CLANG_WARN_BOOL_CONVERSION = YES;
				CLANG_WARN_COMMA = YES;
				CLANG_WARN_CONSTANT_CONVERSION = YES;
				CLANG_WARN_DEPRECATED_OBJC_IMPLEMENTATIONS = YES;
				CLANG_WARN_DIRECT_OBJC_ISA_USAGE = YES_ERROR;
				CLANG_WARN_DOCUMENTATION_COMMENTS = YES;
				CLANG_WARN_EMPTY_BODY = YES;
				CLANG_WARN_ENUM_CONVERSION = YES;
				CLANG_WARN_INFINITE_RECURSION = YES;
				CLANG_WARN_INT_CONVERSION = YES;
				CLANG_WARN_NON_LITERAL_NULL_CONVERSION = YES;
				CLANG_WARN_OBJC_IMPLICIT_RETAIN_SELF = YES;
				CLANG_WARN_OBJC_LITERAL_CONVERSION = YES;
				CLANG_WARN_OBJC_ROOT_CLASS = YES_ERROR;
				CLANG_WARN_RANGE_LOOP_ANALYSIS = YES;
				CLANG_WARN_STRICT_PROTOTYPES = YES;
				CLANG_WARN_SUSPICIOUS_MOVE = YES;
				CLANG_WARN_UNGUARDED_AVAILABILITY = YES_AGGRESSIVE;
				CLANG_WARN_UNREACHABLE_CODE = YES;
				CLANG_WARN__DUPLICATE_METHOD_MATCH = YES;
				CODE_SIGN_IDENTITY = "iPhone Developer";
				COPY_PHASE_STRIP = NO;
				DEBUG_INFORMATION_FORMAT = "dwarf-with-dsym";
				ENABLE_NS_ASSERTIONS = NO;
				ENABLE_STRICT_OBJC_MSGSEND = YES;
				GCC_C_LANGUAGE_STANDARD = gnu11;
				GCC_NO_COMMON_BLOCKS = YES;
				GCC_WARN_64_TO_32_BIT_CONVERSION = YES;
				GCC_WARN_ABOUT_RETURN_TYPE = YES_ERROR;
				GCC_WARN_UNDECLARED_SELECTOR = YES;
				GCC_WARN_UNINITIALIZED_AUTOS = YES_AGGRESSIVE;
				GCC_WARN_UNUSED_FUNCTION = YES;
				GCC_WARN_UNUSED_VARIABLE = YES;
				IPHONEOS_DEPLOYMENT_TARGET = 12.1;
				MTL_ENABLE_DEBUG_INFO = NO;
				MTL_FAST_MATH = YES;
				SDKROOT = iphoneos;
				SWIFT_COMPILATION_MODE = wholemodule;
				SWIFT_OPTIMIZATION_LEVEL = "-O";
				VALIDATE_PRODUCT = YES;
			};
			name = Release;
		};
		30113ECB23084C2600446A8C /* Debug */ = {
			isa = XCBuildConfiguration;
			baseConfigurationReference = 1E236EDD633F9ACBA78F488F /* Pods-DemoScreen.debug.xcconfig */;
			buildSettings = {
				ASSETCATALOG_COMPILER_APPICON_NAME = AppIcon;
				CODE_SIGN_STYLE = Automatic;
				DEVELOPMENT_TEAM = F7996E7693;
				INFOPLIST_FILE = DemoScreen/Resources/Info.plist;
				LD_RUNPATH_SEARCH_PATHS = (
					"$(inherited)",
					"@executable_path/Frameworks",
				);
				PRODUCT_BUNDLE_IDENTIFIER = com.aekosyakov.DemoScreenApp;
				PRODUCT_NAME = "$(TARGET_NAME)";
				SWIFT_VERSION = 4.2;
				TARGETED_DEVICE_FAMILY = 1;
			};
			name = Debug;
		};
		30113ECC23084C2600446A8C /* Release */ = {
			isa = XCBuildConfiguration;
			baseConfigurationReference = 7A79079C191B2C4F76937AA0 /* Pods-DemoScreen.release.xcconfig */;
			buildSettings = {
				ASSETCATALOG_COMPILER_APPICON_NAME = AppIcon;
				CODE_SIGN_STYLE = Automatic;
				DEVELOPMENT_TEAM = F7996E7693;
				INFOPLIST_FILE = DemoScreen/Resources/Info.plist;
				LD_RUNPATH_SEARCH_PATHS = (
					"$(inherited)",
					"@executable_path/Frameworks",
				);
				PRODUCT_BUNDLE_IDENTIFIER = com.aekosyakov.DemoScreenApp;
				PRODUCT_NAME = "$(TARGET_NAME)";
				SWIFT_VERSION = 4.2;
				TARGETED_DEVICE_FAMILY = 1;
			};
			name = Release;
		};
/* End XCBuildConfiguration section */

/* Begin XCConfigurationList section */
		30113EB323084C2500446A8C /* Build configuration list for PBXProject "DemoScreen" */ = {
			isa = XCConfigurationList;
			buildConfigurations = (
				30113EC823084C2600446A8C /* Debug */,
				30113EC923084C2600446A8C /* Release */,
			);
			defaultConfigurationIsVisible = 0;
			defaultConfigurationName = Release;
		};
		30113ECA23084C2600446A8C /* Build configuration list for PBXNativeTarget "DemoScreen" */ = {
			isa = XCConfigurationList;
			buildConfigurations = (
				30113ECB23084C2600446A8C /* Debug */,
				30113ECC23084C2600446A8C /* Release */,
			);
			defaultConfigurationIsVisible = 0;
			defaultConfigurationName = Release;
		};
/* End XCConfigurationList section */
	};
	rootObject = 30113EB023084C2500446A8C /* Project object */;
}
