// !$*UTF8*$!
{
	archiveVersion = 1;
	classes = {
	};
	objectVersion = 50;
	objects = {

/* Begin PBXBuildFile section */
		073487E3231DEC8200FBF82D /* background_image_02.png in Resources */ = {isa = PBXBuildFile; fileRef = 073487DA231DEC8100FBF82D /* background_image_02.png */; };
		073487E4231DEC8200FBF82D /* background_image_09.png in Resources */ = {isa = PBXBuildFile; fileRef = 073487DB231DEC8100FBF82D /* background_image_09.png */; };
		073487E5231DEC8200FBF82D /* background_image_07.png in Resources */ = {isa = PBXBuildFile; fileRef = 073487DC231DEC8100FBF82D /* background_image_07.png */; };
		073487E6231DEC8200FBF82D /* background_image_06.png in Resources */ = {isa = PBXBuildFile; fileRef = 073487DD231DEC8100FBF82D /* background_image_06.png */; };
		073487E7231DEC8200FBF82D /* background_image_08.png in Resources */ = {isa = PBXBuildFile; fileRef = 073487DE231DEC8200FBF82D /* background_image_08.png */; };
		073487E8231DEC8200FBF82D /* background_image_03.png in Resources */ = {isa = PBXBuildFile; fileRef = 073487DF231DEC8200FBF82D /* background_image_03.png */; };
		073487E9231DEC8200FBF82D /* background_image_05.png in Resources */ = {isa = PBXBuildFile; fileRef = 073487E0231DEC8200FBF82D /* background_image_05.png */; };
		073487EA231DEC8200FBF82D /* background_image_04.png in Resources */ = {isa = PBXBuildFile; fileRef = 073487E1231DEC8200FBF82D /* background_image_04.png */; };
		073487EB231DEC8200FBF82D /* background_image_01.png in Resources */ = {isa = PBXBuildFile; fileRef = 073487E2231DEC8200FBF82D /* background_image_01.png */; };
		073487EE231DECE500FBF82D /* close.png in Resources */ = {isa = PBXBuildFile; fileRef = 073487EC231DECE500FBF82D /* close.png */; };
		073487EF231DECE500FBF82D /* gift.png in Resources */ = {isa = PBXBuildFile; fileRef = 073487ED231DECE500FBF82D /* gift.png */; };
		07348802231EE52400FBF82D /* button_04.png in Resources */ = {isa = PBXBuildFile; fileRef = 073487F6231EE52400FBF82D /* button_04.png */; };
		07348803231EE52400FBF82D /* button_12.png in Resources */ = {isa = PBXBuildFile; fileRef = 073487F7231EE52400FBF82D /* button_12.png */; };
		07348804231EE52400FBF82D /* button_03.png in Resources */ = {isa = PBXBuildFile; fileRef = 073487F8231EE52400FBF82D /* button_03.png */; };
		07348805231EE52400FBF82D /* button_06.png in Resources */ = {isa = PBXBuildFile; fileRef = 073487F9231EE52400FBF82D /* button_06.png */; };
		07348806231EE52400FBF82D /* button_08.png in Resources */ = {isa = PBXBuildFile; fileRef = 073487FA231EE52400FBF82D /* button_08.png */; };
		07348807231EE52400FBF82D /* button_09.png in Resources */ = {isa = PBXBuildFile; fileRef = 073487FB231EE52400FBF82D /* button_09.png */; };
		07348808231EE52400FBF82D /* button_02.png in Resources */ = {isa = PBXBuildFile; fileRef = 073487FC231EE52400FBF82D /* button_02.png */; };
		07348809231EE52400FBF82D /* button_01.png in Resources */ = {isa = PBXBuildFile; fileRef = 073487FD231EE52400FBF82D /* button_01.png */; };
		0734880A231EE52400FBF82D /* button_10.png in Resources */ = {isa = PBXBuildFile; fileRef = 073487FE231EE52400FBF82D /* button_10.png */; };
		0734880B231EE52400FBF82D /* button_11.png in Resources */ = {isa = PBXBuildFile; fileRef = 073487FF231EE52400FBF82D /* button_11.png */; };
		0734880C231EE52400FBF82D /* button_07.png in Resources */ = {isa = PBXBuildFile; fileRef = 07348800231EE52400FBF82D /* button_07.png */; };
		0734880D231EE52400FBF82D /* button_05.png in Resources */ = {isa = PBXBuildFile; fileRef = 07348801231EE52400FBF82D /* button_05.png */; };
		30113EBE23084C2500446A8C /* WAL02AdsOrBuyVC.swift in Sources */ = {isa = PBXBuildFile; fileRef = 30113EBD23084C2500446A8C /* WAL02AdsOrBuyVC.swift */; };
		30113EDB2308582000446A8C /* Utils.swift in Sources */ = {isa = PBXBuildFile; fileRef = 30113EDA2308582000446A8C /* Utils.swift */; };
		301486CA23089F1F00988B2F /* WAL02AdsOrBuy.swift in Sources */ = {isa = PBXBuildFile; fileRef = 301486C923089F1F00988B2F /* WAL02AdsOrBuy.swift */; };
		301486D22309F6BE00988B2F /* TextAttributes.swift in Sources */ = {isa = PBXBuildFile; fileRef = 301486D12309F6BE00988B2F /* TextAttributes.swift */; };
		9E846CAAA22F6D89A102A992 /* Pods_DemoScreen.framework in Frameworks */ = {isa = PBXBuildFile; fileRef = E42F5AAC274A4A1AD009E61D /* Pods_DemoScreen.framework */; };
		D08798362319C1FB004E174A /* GoogleService-Info.plist in Resources */ = {isa = PBXBuildFile; fileRef = D08798352319C1FB004E174A /* GoogleService-Info.plist */; };
		D09C4128231A93C900A1FE22 /* WAL02AdsOrBuyUIConfig.swift in Sources */ = {isa = PBXBuildFile; fileRef = D09C4127231A93C800A1FE22 /* WAL02AdsOrBuyUIConfig.swift */; };
/* End PBXBuildFile section */

/* Begin PBXFileReference section */
		073487DA231DEC8100FBF82D /* background_image_02.png */ = {isa = PBXFileReference; lastKnownFileType = image.png; path = background_image_02.png; sourceTree = "<group>"; };
		073487DB231DEC8100FBF82D /* background_image_09.png */ = {isa = PBXFileReference; lastKnownFileType = image.png; path = background_image_09.png; sourceTree = "<group>"; };
		073487DC231DEC8100FBF82D /* background_image_07.png */ = {isa = PBXFileReference; lastKnownFileType = image.png; path = background_image_07.png; sourceTree = "<group>"; };
		073487DD231DEC8100FBF82D /* background_image_06.png */ = {isa = PBXFileReference; lastKnownFileType = image.png; path = background_image_06.png; sourceTree = "<group>"; };
		073487DE231DEC8200FBF82D /* background_image_08.png */ = {isa = PBXFileReference; lastKnownFileType = image.png; path = background_image_08.png; sourceTree = "<group>"; };
		073487DF231DEC8200FBF82D /* background_image_03.png */ = {isa = PBXFileReference; lastKnownFileType = image.png; path = background_image_03.png; sourceTree = "<group>"; };
		073487E0231DEC8200FBF82D /* background_image_05.png */ = {isa = PBXFileReference; lastKnownFileType = image.png; path = background_image_05.png; sourceTree = "<group>"; };
		073487E1231DEC8200FBF82D /* background_image_04.png */ = {isa = PBXFileReference; lastKnownFileType = image.png; path = background_image_04.png; sourceTree = "<group>"; };
		073487E2231DEC8200FBF82D /* background_image_01.png */ = {isa = PBXFileReference; lastKnownFileType = image.png; path = background_image_01.png; sourceTree = "<group>"; };
		073487EC231DECE500FBF82D /* close.png */ = {isa = PBXFileReference; lastKnownFileType = image.png; path = close.png; sourceTree = "<group>"; };
		073487ED231DECE500FBF82D /* gift.png */ = {isa = PBXFileReference; lastKnownFileType = image.png; path = gift.png; sourceTree = "<group>"; };
		073487F6231EE52400FBF82D /* button_04.png */ = {isa = PBXFileReference; lastKnownFileType = image.png; path = button_04.png; sourceTree = "<group>"; };
		073487F7231EE52400FBF82D /* button_12.png */ = {isa = PBXFileReference; lastKnownFileType = image.png; path = button_12.png; sourceTree = "<group>"; };
		073487F8231EE52400FBF82D /* button_03.png */ = {isa = PBXFileReference; lastKnownFileType = image.png; path = button_03.png; sourceTree = "<group>"; };
		073487F9231EE52400FBF82D /* button_06.png */ = {isa = PBXFileReference; lastKnownFileType = image.png; path = button_06.png; sourceTree = "<group>"; };
		073487FA231EE52400FBF82D /* button_08.png */ = {isa = PBXFileReference; lastKnownFileType = image.png; path = button_08.png; sourceTree = "<group>"; };
		073487FB231EE52400FBF82D /* button_09.png */ = {isa = PBXFileReference; lastKnownFileType = image.png; path = button_09.png; sourceTree = "<group>"; };
		073487FC231EE52400FBF82D /* button_02.png */ = {isa = PBXFileReference; lastKnownFileType = image.png; path = button_02.png; sourceTree = "<group>"; };
		073487FD231EE52400FBF82D /* button_01.png */ = {isa = PBXFileReference; lastKnownFileType = image.png; path = button_01.png; sourceTree = "<group>"; };
		073487FE231EE52400FBF82D /* button_10.png */ = {isa = PBXFileReference; lastKnownFileType = image.png; path = button_10.png; sourceTree = "<group>"; };
		073487FF231EE52400FBF82D /* button_11.png */ = {isa = PBXFileReference; lastKnownFileType = image.png; path = button_11.png; sourceTree = "<group>"; };
		07348800231EE52400FBF82D /* button_07.png */ = {isa = PBXFileReference; lastKnownFileType = image.png; path = button_07.png; sourceTree = "<group>"; };
		07348801231EE52400FBF82D /* button_05.png */ = {isa = PBXFileReference; lastKnownFileType = image.png; path = button_05.png; sourceTree = "<group>"; };
		29766AD8B34C49DBF0C995BE /* Pods-DemoScreen.debug.xcconfig */ = {isa = PBXFileReference; includeInIndex = 1; lastKnownFileType = text.xcconfig; name = "Pods-DemoScreen.debug.xcconfig"; path = "Pods/Target Support Files/Pods-DemoScreen/Pods-DemoScreen.debug.xcconfig"; sourceTree = "<group>"; };
		30113EB823084C2500446A8C /* DemoScreen.app */ = {isa = PBXFileReference; explicitFileType = wrapper.application; includeInIndex = 0; path = DemoScreen.app; sourceTree = BUILT_PRODUCTS_DIR; };
		30113EBD23084C2500446A8C /* WAL02AdsOrBuyVC.swift */ = {isa = PBXFileReference; lastKnownFileType = sourcecode.swift; path = WAL02AdsOrBuyVC.swift; sourceTree = "<group>"; };
		30113EDA2308582000446A8C /* Utils.swift */ = {isa = PBXFileReference; lastKnownFileType = sourcecode.swift; path = Utils.swift; sourceTree = "<group>"; };
		301486C923089F1F00988B2F /* WAL02AdsOrBuy.swift */ = {isa = PBXFileReference; lastKnownFileType = sourcecode.swift; path = WAL02AdsOrBuy.swift; sourceTree = "<group>"; };
		301486D12309F6BE00988B2F /* TextAttributes.swift */ = {isa = PBXFileReference; lastKnownFileType = sourcecode.swift; path = TextAttributes.swift; sourceTree = "<group>"; };
		30DFE07E2322927A000CB51D /* StoreKit.framework */ = {isa = PBXFileReference; lastKnownFileType = wrapper.framework; name = StoreKit.framework; path = System/Library/Frameworks/StoreKit.framework; sourceTree = SDKROOT; };
		C862430DB88DC2CA5C7EDE13 /* Pods-DemoScreen.release.xcconfig */ = {isa = PBXFileReference; includeInIndex = 1; lastKnownFileType = text.xcconfig; name = "Pods-DemoScreen.release.xcconfig"; path = "Pods/Target Support Files/Pods-DemoScreen/Pods-DemoScreen.release.xcconfig"; sourceTree = "<group>"; };
		D08798352319C1FB004E174A /* GoogleService-Info.plist */ = {isa = PBXFileReference; fileEncoding = 4; lastKnownFileType = text.plist.xml; path = "GoogleService-Info.plist"; sourceTree = "<group>"; };
		D09C4127231A93C800A1FE22 /* WAL02AdsOrBuyUIConfig.swift */ = {isa = PBXFileReference; lastKnownFileType = sourcecode.swift; path = WAL02AdsOrBuyUIConfig.swift; sourceTree = "<group>"; };
		E42F5AAC274A4A1AD009E61D /* Pods_DemoScreen.framework */ = {isa = PBXFileReference; explicitFileType = wrapper.framework; includeInIndex = 0; path = Pods_DemoScreen.framework; sourceTree = BUILT_PRODUCTS_DIR; };
/* End PBXFileReference section */

/* Begin PBXFrameworksBuildPhase section */
		30113EB523084C2500446A8C /* Frameworks */ = {
			isa = PBXFrameworksBuildPhase;
			buildActionMask = 2147483647;
			files = (
				9E846CAAA22F6D89A102A992 /* Pods_DemoScreen.framework in Frameworks */,
			);
			runOnlyForDeploymentPostprocessing = 0;
		};
/* End PBXFrameworksBuildPhase section */

/* Begin PBXGroup section */
		0248E6A20FAD5B2815F19964 /* Frameworks */ = {
			isa = PBXGroup;
			children = (
				30DFE07E2322927A000CB51D /* StoreKit.framework */,
				E42F5AAC274A4A1AD009E61D /* Pods_DemoScreen.framework */,
			);
			name = Frameworks;
			sourceTree = "<group>";
		};
		073487BB231DB90700FBF82D /* images */ = {
			isa = PBXGroup;
			children = (
				073487F5231EE51200FBF82D /* buttons */,
				073487F4231EE50900FBF82D /* background */,
				073487EC231DECE500FBF82D /* close.png */,
				073487ED231DECE500FBF82D /* gift.png */,
			);
			path = images;
			sourceTree = "<group>";
		};
		073487F4231EE50900FBF82D /* background */ = {
			isa = PBXGroup;
			children = (
				073487E2231DEC8200FBF82D /* background_image_01.png */,
				073487DA231DEC8100FBF82D /* background_image_02.png */,
				073487DF231DEC8200FBF82D /* background_image_03.png */,
				073487E1231DEC8200FBF82D /* background_image_04.png */,
				073487E0231DEC8200FBF82D /* background_image_05.png */,
				073487DD231DEC8100FBF82D /* background_image_06.png */,
				073487DC231DEC8100FBF82D /* background_image_07.png */,
				073487DE231DEC8200FBF82D /* background_image_08.png */,
				073487DB231DEC8100FBF82D /* background_image_09.png */,
			);
			path = background;
			sourceTree = "<group>";
		};
		073487F5231EE51200FBF82D /* buttons */ = {
			isa = PBXGroup;
			children = (
				073487FD231EE52400FBF82D /* button_01.png */,
				073487FC231EE52400FBF82D /* button_02.png */,
				073487F8231EE52400FBF82D /* button_03.png */,
				073487F6231EE52400FBF82D /* button_04.png */,
				07348801231EE52400FBF82D /* button_05.png */,
				073487F9231EE52400FBF82D /* button_06.png */,
				07348800231EE52400FBF82D /* button_07.png */,
				073487FA231EE52400FBF82D /* button_08.png */,
				073487FB231EE52400FBF82D /* button_09.png */,
				073487FE231EE52400FBF82D /* button_10.png */,
				073487FF231EE52400FBF82D /* button_11.png */,
				073487F7231EE52400FBF82D /* button_12.png */,
			);
			path = buttons;
			sourceTree = "<group>";
		};
		30113EAF23084C2500446A8C = {
			isa = PBXGroup;
			children = (
				30113EBA23084C2500446A8C /* DemoScreen */,
				30113EB923084C2500446A8C /* Products */,
				0248E6A20FAD5B2815F19964 /* Frameworks */,
				CBC5D6BF8771021CCAF82084 /* Pods */,
			);
			sourceTree = "<group>";
		};
		30113EB923084C2500446A8C /* Products */ = {
			isa = PBXGroup;
			children = (
				30113EB823084C2500446A8C /* DemoScreen.app */,
			);
			name = Products;
			sourceTree = "<group>";
		};
		30113EBA23084C2500446A8C /* DemoScreen */ = {
			isa = PBXGroup;
			children = (
				D08798352319C1FB004E174A /* GoogleService-Info.plist */,
				304CF4F1230C63930070493A /* Controllers */,
				301486BF23089E7B00988B2F /* Modules */,
				30113ED92308570700446A8C /* Utils */,
				30113ECD23084C4600446A8C /* Resources */,
			);
			path = DemoScreen;
			sourceTree = "<group>";
		};
		30113ECD23084C4600446A8C /* Resources */ = {
			isa = PBXGroup;
			children = (
				073487BB231DB90700FBF82D /* images */,
			);
			path = Resources;
			sourceTree = "<group>";
		};
		30113ED92308570700446A8C /* Utils */ = {
			isa = PBXGroup;
			children = (
				30113EDA2308582000446A8C /* Utils.swift */,
				301486D12309F6BE00988B2F /* TextAttributes.swift */,
			);
			path = Utils;
			sourceTree = "<group>";
		};
		301486BF23089E7B00988B2F /* Modules */ = {
			isa = PBXGroup;
			children = (
				301486C923089F1F00988B2F /* WAL02AdsOrBuy.swift */,
			);
			path = Modules;
			sourceTree = "<group>";
		};
		304CF4F1230C63930070493A /* Controllers */ = {
			isa = PBXGroup;
			children = (
				30113EBD23084C2500446A8C /* WAL02AdsOrBuyVC.swift */,
				D09C4127231A93C800A1FE22 /* WAL02AdsOrBuyUIConfig.swift */,
			);
			path = Controllers;
			sourceTree = "<group>";
		};
		CBC5D6BF8771021CCAF82084 /* Pods */ = {
			isa = PBXGroup;
			children = (
				29766AD8B34C49DBF0C995BE /* Pods-DemoScreen.debug.xcconfig */,
				C862430DB88DC2CA5C7EDE13 /* Pods-DemoScreen.release.xcconfig */,
			);
			name = Pods;
			sourceTree = "<group>";
		};
/* End PBXGroup section */

/* Begin PBXNativeTarget section */
		30113EB723084C2500446A8C /* DemoScreen */ = {
			isa = PBXNativeTarget;
			buildConfigurationList = 30113ECA23084C2600446A8C /* Build configuration list for PBXNativeTarget "DemoScreen" */;
			buildPhases = (
				7AC3480583F4B7AD1C4E5ECC /* [CP] Check Pods Manifest.lock */,
				30113EB423084C2500446A8C /* Sources */,
				30113EB523084C2500446A8C /* Frameworks */,
				30113EB623084C2500446A8C /* Resources */,
				36DFB17379A5330DD6596D83 /* [CP] Embed Pods Frameworks */,
			);
			buildRules = (
			);
			dependencies = (
			);
			name = DemoScreen;
			productName = DemoScreen;
			productReference = 30113EB823084C2500446A8C /* DemoScreen.app */;
			productType = "com.apple.product-type.application";
		};
/* End PBXNativeTarget section */

/* Begin PBXProject section */
		30113EB023084C2500446A8C /* Project object */ = {
			isa = PBXProject;
			attributes = {
				LastSwiftUpdateCheck = 1010;
				LastUpgradeCheck = 1010;
				ORGANIZATIONNAME = "Alexander Kosyakov";
				TargetAttributes = {
					30113EB723084C2500446A8C = {
						CreatedOnToolsVersion = 10.1;
						SystemCapabilities = {
							com.apple.AccessWiFi = {
								enabled = 0;
							};
							com.apple.InAppPurchase = {
								enabled = 0;
							};
						};
					};
				};
			};
			buildConfigurationList = 30113EB323084C2500446A8C /* Build configuration list for PBXProject "DemoScreen" */;
			compatibilityVersion = "Xcode 9.3";
			developmentRegion = en;
			hasScannedForEncodings = 0;
			knownRegions = (
				en,
				Base,
			);
			mainGroup = 30113EAF23084C2500446A8C;
			productRefGroup = 30113EB923084C2500446A8C /* Products */;
			projectDirPath = "";
			projectRoot = "";
			targets = (
				30113EB723084C2500446A8C /* DemoScreen */,
			);
		};
/* End PBXProject section */

/* Begin PBXResourcesBuildPhase section */
		30113EB623084C2500446A8C /* Resources */ = {
			isa = PBXResourcesBuildPhase;
			buildActionMask = 2147483647;
			files = (
				0734880D231EE52400FBF82D /* button_05.png in Resources */,
				07348806231EE52400FBF82D /* button_08.png in Resources */,
				0734880C231EE52400FBF82D /* button_07.png in Resources */,
				07348802231EE52400FBF82D /* button_04.png in Resources */,
				073487E5231DEC8200FBF82D /* background_image_07.png in Resources */,
				073487EE231DECE500FBF82D /* close.png in Resources */,
				D08798362319C1FB004E174A /* GoogleService-Info.plist in Resources */,
				0734880A231EE52400FBF82D /* button_10.png in Resources */,
				073487EA231DEC8200FBF82D /* background_image_04.png in Resources */,
				07348809231EE52400FBF82D /* button_01.png in Resources */,
				07348803231EE52400FBF82D /* button_12.png in Resources */,
				07348807231EE52400FBF82D /* button_09.png in Resources */,
				073487E6231DEC8200FBF82D /* background_image_06.png in Resources */,
				07348805231EE52400FBF82D /* button_06.png in Resources */,
				07348808231EE52400FBF82D /* button_02.png in Resources */,
				07348804231EE52400FBF82D /* button_03.png in Resources */,
				073487E3231DEC8200FBF82D /* background_image_02.png in Resources */,
				0734880B231EE52400FBF82D /* button_11.png in Resources */,
				073487E8231DEC8200FBF82D /* background_image_03.png in Resources */,
				073487EF231DECE500FBF82D /* gift.png in Resources */,
				073487EB231DEC8200FBF82D /* background_image_01.png in Resources */,
				073487E4231DEC8200FBF82D /* background_image_09.png in Resources */,
				073487E9231DEC8200FBF82D /* background_image_05.png in Resources */,
				073487E7231DEC8200FBF82D /* background_image_08.png in Resources */,
			);
			runOnlyForDeploymentPostprocessing = 0;
		};
/* End PBXResourcesBuildPhase section */

/* Begin PBXShellScriptBuildPhase section */
		36DFB17379A5330DD6596D83 /* [CP] Embed Pods Frameworks */ = {
			isa = PBXShellScriptBuildPhase;
			buildActionMask = 2147483647;
			files = (
			);
			inputFileListPaths = (
			);
			inputPaths = (
				"${SRCROOT}/Pods/Target Support Files/Pods-DemoScreen/Pods-DemoScreen-frameworks.sh",
				"${BUILT_PRODUCTS_DIR}/GoogleUtilities/GoogleUtilities.framework",
				"${BUILT_PRODUCTS_DIR}/Protobuf/Protobuf.framework",
				"${BUILT_PRODUCTS_DIR}/nanopb/nanopb.framework",
			);
			name = "[CP] Embed Pods Frameworks";
			outputFileListPaths = (
			);
			outputPaths = (
				"${TARGET_BUILD_DIR}/${FRAMEWORKS_FOLDER_PATH}/GoogleUtilities.framework",
				"${TARGET_BUILD_DIR}/${FRAMEWORKS_FOLDER_PATH}/Protobuf.framework",
				"${TARGET_BUILD_DIR}/${FRAMEWORKS_FOLDER_PATH}/nanopb.framework",
			);
			runOnlyForDeploymentPostprocessing = 0;
			shellPath = /bin/sh;
			shellScript = "\"${SRCROOT}/Pods/Target Support Files/Pods-DemoScreen/Pods-DemoScreen-frameworks.sh\"\n";
			showEnvVarsInLog = 0;
		};
		7AC3480583F4B7AD1C4E5ECC /* [CP] Check Pods Manifest.lock */ = {
			isa = PBXShellScriptBuildPhase;
			buildActionMask = 2147483647;
			files = (
			);
			inputFileListPaths = (
			);
			inputPaths = (
				"${PODS_PODFILE_DIR_PATH}/Podfile.lock",
				"${PODS_ROOT}/Manifest.lock",
			);
			name = "[CP] Check Pods Manifest.lock";
			outputFileListPaths = (
			);
			outputPaths = (
				"$(DERIVED_FILE_DIR)/Pods-DemoScreen-checkManifestLockResult.txt",
			);
			runOnlyForDeploymentPostprocessing = 0;
			shellPath = /bin/sh;
			shellScript = "diff \"${PODS_PODFILE_DIR_PATH}/Podfile.lock\" \"${PODS_ROOT}/Manifest.lock\" > /dev/null\nif [ $? != 0 ] ; then\n    # print error to STDERR\n    echo \"error: The sandbox is not in sync with the Podfile.lock. Run 'pod install' or update your CocoaPods installation.\" >&2\n    exit 1\nfi\n# This output is used by Xcode 'outputs' to avoid re-running this script phase.\necho \"SUCCESS\" > \"${SCRIPT_OUTPUT_FILE_0}\"\n";
			showEnvVarsInLog = 0;
		};
/* End PBXShellScriptBuildPhase section */

/* Begin PBXSourcesBuildPhase section */
		30113EB423084C2500446A8C /* Sources */ = {
			isa = PBXSourcesBuildPhase;
			buildActionMask = 2147483647;
			files = (
				D09C4128231A93C900A1FE22 /* WAL02AdsOrBuyUIConfig.swift in Sources */,
				301486CA23089F1F00988B2F /* WAL02AdsOrBuy.swift in Sources */,
				30113EDB2308582000446A8C /* Utils.swift in Sources */,
				30113EBE23084C2500446A8C /* WAL02AdsOrBuyVC.swift in Sources */,
				301486D22309F6BE00988B2F /* TextAttributes.swift in Sources */,
			);
			runOnlyForDeploymentPostprocessing = 0;
		};
/* End PBXSourcesBuildPhase section */

/* Begin XCBuildConfiguration section */
		30113EC823084C2600446A8C /* Debug */ = {
			isa = XCBuildConfiguration;
			buildSettings = {
				ALWAYS_SEARCH_USER_PATHS = NO;
				CLANG_ANALYZER_NONNULL = YES;
				CLANG_ANALYZER_NUMBER_OBJECT_CONVERSION = YES_AGGRESSIVE;
				CLANG_CXX_LANGUAGE_STANDARD = "gnu++14";
				CLANG_CXX_LIBRARY = "libc++";
				CLANG_ENABLE_MODULES = YES;
				CLANG_ENABLE_OBJC_ARC = YES;
				CLANG_ENABLE_OBJC_WEAK = YES;
				CLANG_WARN_BLOCK_CAPTURE_AUTORELEASING = YES;
				CLANG_WARN_BOOL_CONVERSION = YES;
				CLANG_WARN_COMMA = YES;
				CLANG_WARN_CONSTANT_CONVERSION = YES;
				CLANG_WARN_DEPRECATED_OBJC_IMPLEMENTATIONS = YES;
				CLANG_WARN_DIRECT_OBJC_ISA_USAGE = YES_ERROR;
				CLANG_WARN_DOCUMENTATION_COMMENTS = YES;
				CLANG_WARN_EMPTY_BODY = YES;
				CLANG_WARN_ENUM_CONVERSION = YES;
				CLANG_WARN_INFINITE_RECURSION = YES;
				CLANG_WARN_INT_CONVERSION = YES;
				CLANG_WARN_NON_LITERAL_NULL_CONVERSION = YES;
				CLANG_WARN_OBJC_IMPLICIT_RETAIN_SELF = YES;
				CLANG_WARN_OBJC_LITERAL_CONVERSION = YES;
				CLANG_WARN_OBJC_ROOT_CLASS = YES_ERROR;
				CLANG_WARN_RANGE_LOOP_ANALYSIS = YES;
				CLANG_WARN_STRICT_PROTOTYPES = YES;
				CLANG_WARN_SUSPICIOUS_MOVE = YES;
				CLANG_WARN_UNGUARDED_AVAILABILITY = YES_AGGRESSIVE;
				CLANG_WARN_UNREACHABLE_CODE = YES;
				CLANG_WARN__DUPLICATE_METHOD_MATCH = YES;
				CODE_SIGN_IDENTITY = "iPhone Developer";
				COPY_PHASE_STRIP = NO;
				DEBUG_INFORMATION_FORMAT = dwarf;
				ENABLE_STRICT_OBJC_MSGSEND = YES;
				ENABLE_TESTABILITY = YES;
				GCC_C_LANGUAGE_STANDARD = gnu11;
				GCC_DYNAMIC_NO_PIC = NO;
				GCC_NO_COMMON_BLOCKS = YES;
				GCC_OPTIMIZATION_LEVEL = 0;
				GCC_PREPROCESSOR_DEFINITIONS = (
					"DEBUG=1",
					"$(inherited)",
				);
				GCC_WARN_64_TO_32_BIT_CONVERSION = YES;
				GCC_WARN_ABOUT_RETURN_TYPE = YES_ERROR;
				GCC_WARN_UNDECLARED_SELECTOR = YES;
				GCC_WARN_UNINITIALIZED_AUTOS = YES_AGGRESSIVE;
				GCC_WARN_UNUSED_FUNCTION = YES;
				GCC_WARN_UNUSED_VARIABLE = YES;
				IPHONEOS_DEPLOYMENT_TARGET = 12.1;
				MTL_ENABLE_DEBUG_INFO = INCLUDE_SOURCE;
				MTL_FAST_MATH = YES;
				ONLY_ACTIVE_ARCH = YES;
				SDKROOT = iphoneos;
				SWIFT_ACTIVE_COMPILATION_CONDITIONS = DEBUG;
				SWIFT_OPTIMIZATION_LEVEL = "-Onone";
			};
			name = Debug;
		};
		30113EC923084C2600446A8C /* Release */ = {
			isa = XCBuildConfiguration;
			buildSettings = {
				ALWAYS_SEARCH_USER_PATHS = NO;
				CLANG_ANALYZER_NONNULL = YES;
				CLANG_ANALYZER_NUMBER_OBJECT_CONVERSION = YES_AGGRESSIVE;
				CLANG_CXX_LANGUAGE_STANDARD = "gnu++14";
				CLANG_CXX_LIBRARY = "libc++";
				CLANG_ENABLE_MODULES = YES;
				CLANG_ENABLE_OBJC_ARC = YES;
				CLANG_ENABLE_OBJC_WEAK = YES;
				CLANG_WARN_BLOCK_CAPTURE_AUTORELEASING = YES;
				CLANG_WARN_BOOL_CONVERSION = YES;
				CLANG_WARN_COMMA = YES;
				CLANG_WARN_CONSTANT_CONVERSION = YES;
				CLANG_WARN_DEPRECATED_OBJC_IMPLEMENTATIONS = YES;
				CLANG_WARN_DIRECT_OBJC_ISA_USAGE = YES_ERROR;
				CLANG_WARN_DOCUMENTATION_COMMENTS = YES;
				CLANG_WARN_EMPTY_BODY = YES;
				CLANG_WARN_ENUM_CONVERSION = YES;
				CLANG_WARN_INFINITE_RECURSION = YES;
				CLANG_WARN_INT_CONVERSION = YES;
				CLANG_WARN_NON_LITERAL_NULL_CONVERSION = YES;
				CLANG_WARN_OBJC_IMPLICIT_RETAIN_SELF = YES;
				CLANG_WARN_OBJC_LITERAL_CONVERSION = YES;
				CLANG_WARN_OBJC_ROOT_CLASS = YES_ERROR;
				CLANG_WARN_RANGE_LOOP_ANALYSIS = YES;
				CLANG_WARN_STRICT_PROTOTYPES = YES;
				CLANG_WARN_SUSPICIOUS_MOVE = YES;
				CLANG_WARN_UNGUARDED_AVAILABILITY = YES_AGGRESSIVE;
				CLANG_WARN_UNREACHABLE_CODE = YES;
				CLANG_WARN__DUPLICATE_METHOD_MATCH = YES;
				CODE_SIGN_IDENTITY = "iPhone Developer";
				COPY_PHASE_STRIP = NO;
				DEBUG_INFORMATION_FORMAT = "dwarf-with-dsym";
				ENABLE_NS_ASSERTIONS = NO;
				ENABLE_STRICT_OBJC_MSGSEND = YES;
				GCC_C_LANGUAGE_STANDARD = gnu11;
				GCC_NO_COMMON_BLOCKS = YES;
				GCC_WARN_64_TO_32_BIT_CONVERSION = YES;
				GCC_WARN_ABOUT_RETURN_TYPE = YES_ERROR;
				GCC_WARN_UNDECLARED_SELECTOR = YES;
				GCC_WARN_UNINITIALIZED_AUTOS = YES_AGGRESSIVE;
				GCC_WARN_UNUSED_FUNCTION = YES;
				GCC_WARN_UNUSED_VARIABLE = YES;
				IPHONEOS_DEPLOYMENT_TARGET = 12.1;
				MTL_ENABLE_DEBUG_INFO = NO;
				MTL_FAST_MATH = YES;
				SDKROOT = iphoneos;
				SWIFT_COMPILATION_MODE = wholemodule;
				SWIFT_OPTIMIZATION_LEVEL = "-O";
				VALIDATE_PRODUCT = YES;
			};
			name = Release;
		};
		30113ECB23084C2600446A8C /* Debug */ = {
			isa = XCBuildConfiguration;
			baseConfigurationReference = 29766AD8B34C49DBF0C995BE /* Pods-DemoScreen.debug.xcconfig */;
			buildSettings = {
				CODE_SIGN_STYLE = Automatic;
				DEVELOPMENT_TEAM = F7996E7693;
				INFOPLIST_FILE = DemoScreen/Resources/Info.plist;
				IPHONEOS_DEPLOYMENT_TARGET = 11.0;
				LD_RUNPATH_SEARCH_PATHS = (
					"$(inherited)",
					"@executable_path/Frameworks",
				);
				PRODUCT_BUNDLE_IDENTIFIER = com.aekosyakov.DemoScreenApp;
				PRODUCT_NAME = "$(TARGET_NAME)";
				SWIFT_VERSION = 4.2;
				TARGETED_DEVICE_FAMILY = "1,2";
			};
			name = Debug;
		};
		30113ECC23084C2600446A8C /* Release */ = {
			isa = XCBuildConfiguration;
			baseConfigurationReference = C862430DB88DC2CA5C7EDE13 /* Pods-DemoScreen.release.xcconfig */;
			buildSettings = {
				CODE_SIGN_STYLE = Automatic;
				DEVELOPMENT_TEAM = F7996E7693;
				INFOPLIST_FILE = DemoScreen/Resources/Info.plist;
				IPHONEOS_DEPLOYMENT_TARGET = 11.0;
				LD_RUNPATH_SEARCH_PATHS = (
					"$(inherited)",
					"@executable_path/Frameworks",
				);
				PRODUCT_BUNDLE_IDENTIFIER = com.aekosyakov.DemoScreenApp;
				PRODUCT_NAME = "$(TARGET_NAME)";
				SWIFT_VERSION = 4.2;
				TARGETED_DEVICE_FAMILY = "1,2";
			};
			name = Release;
		};
/* End XCBuildConfiguration section */

/* Begin XCConfigurationList section */
		30113EB323084C2500446A8C /* Build configuration list for PBXProject "DemoScreen" */ = {
			isa = XCConfigurationList;
			buildConfigurations = (
				30113EC823084C2600446A8C /* Debug */,
				30113EC923084C2600446A8C /* Release */,
			);
			defaultConfigurationIsVisible = 0;
			defaultConfigurationName = Release;
		};
		30113ECA23084C2600446A8C /* Build configuration list for PBXNativeTarget "DemoScreen" */ = {
			isa = XCConfigurationList;
			buildConfigurations = (
				30113ECB23084C2600446A8C /* Debug */,
				30113ECC23084C2600446A8C /* Release */,
			);
			defaultConfigurationIsVisible = 0;
			defaultConfigurationName = Release;
		};
/* End XCConfigurationList section */
	};
	rootObject = 30113EB023084C2500446A8C /* Project object */;
}
